
Microsoft Visual Studio Solution File, Format Version 12.00
# Visual Studio Version 16
VisualStudioVersion = 16.0.31613.86
MinimumVisualStudioVersion = 10.0.40219.1
Project("{FAE04EC0-301F-11D3-BF4B-00C04F79EFBC}") = "B0226497_段昱如_PDPR _Week11_1", "B0226497_段昱如_PDPR _Week11_1.csproj", "{8346BE41-ED8A-4008-929A-B1C9374C7575}"
EndProject
Global
	GlobalSection(SolutionConfigurationPlatforms) = preSolution
		Debug|Any CPU = Debug|Any CPU
		Release|Any CPU = Release|Any CPU
	EndGlobalSection
	GlobalSection(ProjectConfigurationPlatforms) = postSolution
		{8346BE41-ED8A-4008-929A-B1C9374C7575}.Debug|Any CPU.ActiveCfg = Debug|Any CPU
		{8346BE41-ED8A-4008-929A-B1C9374C7575}.Debug|Any CPU.Build.0 = Debug|Any CPU
		{8346BE41-ED8A-4008-929A-B1C9374C7575}.Release|Any CPU.ActiveCfg = Release|Any CPU
		{8346BE41-ED8A-4008-929A-B1C9374C7575}.Release|Any CPU.Build.0 = Release|Any CPU
	EndGlobalSection
	GlobalSection(SolutionProperties) = preSolution
		HideSolutionNode = FALSE
	EndGlobalSection
	GlobalSection(ExtensibilityGlobals) = postSolution
		SolutionGuid = {FC6048BB-2DF9-4B69-BFC4-88471494E82D}
	EndGlobalSection
EndGlobal
